
Microsoft Visual Studio Solution File, Format Version 12.00
# Visual Studio Version 17
VisualStudioVersion = 17.6.33712.159
MinimumVisualStudioVersion = 10.0.40219.1
Project("{9A19103F-16F7-4668-BE54-9A1E7A4F7556}") = "FindingMinMaxInArray", "FindingMinMaxInArray.csproj", "{A353F9DA-0444-4545-92F9-16D1ECA8F151}"
EndProject
Project("{9A19103F-16F7-4668-BE54-9A1E7A4F7556}") = "BubbleSort", "..\BubbleSort\BubbleSort.csproj", "{20DD3C51-C4FB-423A-81C7-7CDB9148462A}"
EndProject
Project("{9A19103F-16F7-4668-BE54-9A1E7A4F7556}") = "ImprovedBubbleSort", "..\ImprovedBubbleSort\ImprovedBubbleSort.csproj", "{C29294C5-0CF3-4C47-8B29-FB9627620487}"
EndProject
Project("{9A19103F-16F7-4668-BE54-9A1E7A4F7556}") = "InsertSort", "..\InsertSort\InsertSort.csproj", "{D8D8B3CE-89DB-4064-B2F7-38618465505F}"
EndProject
Project("{9A19103F-16F7-4668-BE54-9A1E7A4F7556}") = "SelectionSort", "..\SelectionSort\SelectionSort.csproj", "{48E67F52-F238-4C7B-97E3-7C7EA076E0D2}"
EndProject
Project("{9A19103F-16F7-4668-BE54-9A1E7A4F7556}") = "SequentialSearch", "..\SequentialSearch\SequentialSearch.csproj", "{9F0B1836-E5ED-4D81-B7B1-931EFE878E0F}"
EndProject
Project("{9A19103F-16F7-4668-BE54-9A1E7A4F7556}") = "BinarySearch", "..\BinarySearch\BinarySearch.csproj", "{8BAB40E4-4C0C-4AA8-935A-324DF5783ECC}"
EndProject
Project("{FAE04EC0-301F-11D3-BF4B-00C04F79EFBC}") = "Reverse", "..\Reverse\Reverse.csproj", "{29EBD15F-8932-4676-A050-8E7A74745D2D}"
EndProject
Project("{FAE04EC0-301F-11D3-BF4B-00C04F79EFBC}") = "Factorial", "..\Factorial\Factorial.csproj", "{D92EE821-8FC3-4240-999D-E16BA4BAB2EF}"
EndProject
Project("{FAE04EC0-301F-11D3-BF4B-00C04F79EFBC}") = "Fibonachi", "..\Fibonachi\Fibonachi.csproj", "{E437DAB5-FEF0-4948-90C8-BF3478460CB3}"
EndProject
Global
	GlobalSection(SolutionConfigurationPlatforms) = preSolution
		Debug|Any CPU = Debug|Any CPU
		Release|Any CPU = Release|Any CPU
	EndGlobalSection
	GlobalSection(ProjectConfigurationPlatforms) = postSolution
		{A353F9DA-0444-4545-92F9-16D1ECA8F151}.Debug|Any CPU.ActiveCfg = Debug|Any CPU
		{A353F9DA-0444-4545-92F9-16D1ECA8F151}.Debug|Any CPU.Build.0 = Debug|Any CPU
		{A353F9DA-0444-4545-92F9-16D1ECA8F151}.Release|Any CPU.ActiveCfg = Release|Any CPU
		{A353F9DA-0444-4545-92F9-16D1ECA8F151}.Release|Any CPU.Build.0 = Release|Any CPU
		{20DD3C51-C4FB-423A-81C7-7CDB9148462A}.Debug|Any CPU.ActiveCfg = Debug|Any CPU
		{20DD3C51-C4FB-423A-81C7-7CDB9148462A}.Debug|Any CPU.Build.0 = Debug|Any CPU
		{20DD3C51-C4FB-423A-81C7-7CDB9148462A}.Release|Any CPU.ActiveCfg = Release|Any CPU
		{20DD3C51-C4FB-423A-81C7-7CDB9148462A}.Release|Any CPU.Build.0 = Release|Any CPU
		{C29294C5-0CF3-4C47-8B29-FB9627620487}.Debug|Any CPU.ActiveCfg = Debug|Any CPU
		{C29294C5-0CF3-4C47-8B29-FB9627620487}.Debug|Any CPU.Build.0 = Debug|Any CPU
		{C29294C5-0CF3-4C47-8B29-FB9627620487}.Release|Any CPU.ActiveCfg = Release|Any CPU
		{C29294C5-0CF3-4C47-8B29-FB9627620487}.Release|Any CPU.Build.0 = Release|Any CPU
		{D8D8B3CE-89DB-4064-B2F7-38618465505F}.Debug|Any CPU.ActiveCfg = Debug|Any CPU
		{D8D8B3CE-89DB-4064-B2F7-38618465505F}.Debug|Any CPU.Build.0 = Debug|Any CPU
		{D8D8B3CE-89DB-4064-B2F7-38618465505F}.Release|Any CPU.ActiveCfg = Release|Any CPU
		{D8D8B3CE-89DB-4064-B2F7-38618465505F}.Release|Any CPU.Build.0 = Release|Any CPU
		{48E67F52-F238-4C7B-97E3-7C7EA076E0D2}.Debug|Any CPU.ActiveCfg = Debug|Any CPU
		{48E67F52-F238-4C7B-97E3-7C7EA076E0D2}.Debug|Any CPU.Build.0 = Debug|Any CPU
		{48E67F52-F238-4C7B-97E3-7C7EA076E0D2}.Release|Any CPU.ActiveCfg = Release|Any CPU
		{48E67F52-F238-4C7B-97E3-7C7EA076E0D2}.Release|Any CPU.Build.0 = Release|Any CPU
		{9F0B1836-E5ED-4D81-B7B1-931EFE878E0F}.Debug|Any CPU.ActiveCfg = Debug|Any CPU
		{9F0B1836-E5ED-4D81-B7B1-931EFE878E0F}.Debug|Any CPU.Build.0 = Debug|Any CPU
		{9F0B1836-E5ED-4D81-B7B1-931EFE878E0F}.Release|Any CPU.ActiveCfg = Release|Any CPU
		{9F0B1836-E5ED-4D81-B7B1-931EFE878E0F}.Release|Any CPU.Build.0 = Release|Any CPU
		{8BAB40E4-4C0C-4AA8-935A-324DF5783ECC}.Debug|Any CPU.ActiveCfg = Debug|Any CPU
		{8BAB40E4-4C0C-4AA8-935A-324DF5783ECC}.Debug|Any CPU.Build.0 = Debug|Any CPU
		{8BAB40E4-4C0C-4AA8-935A-324DF5783ECC}.Release|Any CPU.ActiveCfg = Release|Any CPU
		{8BAB40E4-4C0C-4AA8-935A-324DF5783ECC}.Release|Any CPU.Build.0 = Release|Any CPU
		{29EBD15F-8932-4676-A050-8E7A74745D2D}.Debug|Any CPU.ActiveCfg = Debug|Any CPU
		{29EBD15F-8932-4676-A050-8E7A74745D2D}.Debug|Any CPU.Build.0 = Debug|Any CPU
		{29EBD15F-8932-4676-A050-8E7A74745D2D}.Release|Any CPU.ActiveCfg = Release|Any CPU
		{29EBD15F-8932-4676-A050-8E7A74745D2D}.Release|Any CPU.Build.0 = Release|Any CPU
		{D92EE821-8FC3-4240-999D-E16BA4BAB2EF}.Debug|Any CPU.ActiveCfg = Debug|Any CPU
		{D92EE821-8FC3-4240-999D-E16BA4BAB2EF}.Debug|Any CPU.Build.0 = Debug|Any CPU
		{D92EE821-8FC3-4240-999D-E16BA4BAB2EF}.Release|Any CPU.ActiveCfg = Release|Any CPU
		{D92EE821-8FC3-4240-999D-E16BA4BAB2EF}.Release|Any CPU.Build.0 = Release|Any CPU
		{E437DAB5-FEF0-4948-90C8-BF3478460CB3}.Debug|Any CPU.ActiveCfg = Debug|Any CPU
		{E437DAB5-FEF0-4948-90C8-BF3478460CB3}.Debug|Any CPU.Build.0 = Debug|Any CPU
		{E437DAB5-FEF0-4948-90C8-BF3478460CB3}.Release|Any CPU.ActiveCfg = Release|Any CPU
		{E437DAB5-FEF0-4948-90C8-BF3478460CB3}.Release|Any CPU.Build.0 = Release|Any CPU
	EndGlobalSection
	GlobalSection(SolutionProperties) = preSolution
		HideSolutionNode = FALSE
	EndGlobalSection
	GlobalSection(ExtensibilityGlobals) = postSolution
		SolutionGuid = {0912A6AB-C2E8-4473-8EB6-5B91BBE83475}
	EndGlobalSection
EndGlobal
